lockVersion: 2.0.0
id: edadaac9-e645-4ef4-a6c7-a1f73bc19385
management:
  docChecksum: 9ae9ccc00c5a0ebc6c287d518aa2e04c
  docVersion: v1.0.0
  speakeasyVersion: 1.660.0
  generationVersion: 2.760.2
  releaseVersion: 4.21.0
  configChecksum: adc8fd545e2ef6694469f53ca31faa12
  repoURL: https://github.com/Leonardo-Interactive/leonardo-ts-sdk.git
  repoSubDirectory: .
  installationURL: https://github.com/Leonardo-Interactive/leonardo-ts-sdk
  published: true
features:
  typescript:
    additionalDependencies: 0.1.0
    constsAndDefaults: 0.1.12
    core: 3.26.9
    defaultEnabledRetries: 0.1.0
    deprecations: 2.81.1
    devContainers: 2.90.1
    enumUnions: 0.1.0
    envVarSecurityUsage: 0.1.2
    flattening: 2.82.1
    globalSecurity: 2.82.14
    globalSecurityCallbacks: 0.1.0
    globalSecurityFlattening: 0.1.0
    globalServerURLs: 2.83.0
    nullables: 0.1.1
    responseFormat: 0.2.3
    retries: 2.83.0
    sdkHooks: 0.3.0
generatedFiles:
  - .devcontainer/README.md
  - .devcontainer/devcontainer.json
  - .devcontainer/setup.sh
  - .gitattributes
  - .npmignore
  - FUNCTIONS.md
  - RUNTIMES.md
  - USAGE.md
  - docs/lib/utils/retryconfig.md
  - docs/sdk/models/operations/calculateproductionapiservicecost.md
  - docs/sdk/models/operations/canvasinitimageuploadoutput.md
  - docs/sdk/models/operations/createdatasetrequestbody.md
  - docs/sdk/models/operations/createdatasetresponse.md
  - docs/sdk/models/operations/createdatasetresponsebody.md
  - docs/sdk/models/operations/createelementrequestbody.md
  - docs/sdk/models/operations/createelementresponse.md
  - docs/sdk/models/operations/createelementresponsebody.md
  - docs/sdk/models/operations/creategenerationrequestbody.md
  - docs/sdk/models/operations/creategenerationresponse.md
  - docs/sdk/models/operations/creategenerationresponsebody.md
  - docs/sdk/models/operations/createimagetovideogenerationmotionstring.md
  - docs/sdk/models/operations/createimagetovideogenerationrequestbody.md
  - docs/sdk/models/operations/createimagetovideogenerationresponse.md
  - docs/sdk/models/operations/createimagetovideogenerationresponsebody.md
  - docs/sdk/models/operations/createimagetovideogenerationstring.md
  - docs/sdk/models/operations/createlcmgenerationrequestbody.md
  - docs/sdk/models/operations/createlcmgenerationresponse.md
  - docs/sdk/models/operations/createlcmgenerationresponsebody.md
  - docs/sdk/models/operations/createmodelrequestbody.md
  - docs/sdk/models/operations/createmodelresponse.md
  - docs/sdk/models/operations/createmodelresponsebody.md
  - docs/sdk/models/operations/createmodelsdtrainingoutput.md
  - docs/sdk/models/operations/createmodelsdversions.md
  - docs/sdk/models/operations/createsvdmotiongenerationrequestbody.md
  - docs/sdk/models/operations/createsvdmotiongenerationresponse.md
  - docs/sdk/models/operations/createsvdmotiongenerationresponsebody.md
  - docs/sdk/models/operations/createtexttovideogenerationmotionstring.md
  - docs/sdk/models/operations/createtexttovideogenerationmotionvideogenerationoutput.md
  - docs/sdk/models/operations/createtexttovideogenerationrequestbody.md
  - docs/sdk/models/operations/createtexttovideogenerationresponse.md
  - docs/sdk/models/operations/createtexttovideogenerationresponsebody.md
  - docs/sdk/models/operations/createtexttovideogenerationstring.md
  - docs/sdk/models/operations/createtexturegenerationrequestbody.md
  - docs/sdk/models/operations/createtexturegenerationresponse.md
  - docs/sdk/models/operations/createtexturegenerationresponsebody.md
  - docs/sdk/models/operations/createuniversalupscalerjobrequestbody.md
  - docs/sdk/models/operations/createuniversalupscalerjobresponse.md
  - docs/sdk/models/operations/createuniversalupscalerjobresponsebody.md
  - docs/sdk/models/operations/createvariationnobgrequestbody.md
  - docs/sdk/models/operations/createvariationnobgresponse.md
  - docs/sdk/models/operations/createvariationnobgresponsebody.md
  - docs/sdk/models/operations/createvariationunzoomrequestbody.md
  - docs/sdk/models/operations/createvariationunzoomresponse.md
  - docs/sdk/models/operations/createvariationunzoomresponsebody.md
  - docs/sdk/models/operations/createvariationupscalerequestbody.md
  - docs/sdk/models/operations/createvariationupscaleresponse.md
  - docs/sdk/models/operations/createvariationupscaleresponsebody.md
  - docs/sdk/models/operations/createvariationupscalesdupscalejoboutput.md
  - docs/sdk/models/operations/createvideoupscalemotionvideogenerationoutput.md
  - docs/sdk/models/operations/createvideoupscalerequestbody.md
  - docs/sdk/models/operations/createvideoupscaleresponse.md
  - docs/sdk/models/operations/createvideoupscaleresponsebody.md
  - docs/sdk/models/operations/createvideoupscalestring.md
  - docs/sdk/models/operations/custommodels.md
  - docs/sdk/models/operations/datasetgenuploadoutput.md
  - docs/sdk/models/operations/datasetimages.md
  - docs/sdk/models/operations/datasets.md
  - docs/sdk/models/operations/datasetuploadoutput.md
  - docs/sdk/models/operations/delete3dmodelbyidrequest.md
  - docs/sdk/models/operations/delete3dmodelbyidrequestbody.md
  - docs/sdk/models/operations/delete3dmodelbyidresponse.md
  - docs/sdk/models/operations/delete3dmodelbyidresponsebody.md
  - docs/sdk/models/operations/deletedatasetbyiddatasets.md
  - docs/sdk/models/operations/deletedatasetbyidrequest.md
  - docs/sdk/models/operations/deletedatasetbyidresponse.md
  - docs/sdk/models/operations/deletedatasetbyidresponsebody.md
  - docs/sdk/models/operations/deleteelementbyidrequest.md
  - docs/sdk/models/operations/deleteelementbyidresponse.md
  - docs/sdk/models/operations/deleteelementbyidresponsebody.md
  - docs/sdk/models/operations/deletegenerationbyidrequest.md
  - docs/sdk/models/operations/deletegenerationbyidresponse.md
  - docs/sdk/models/operations/deletegenerationbyidresponsebody.md
  - docs/sdk/models/operations/deleteinitimagebyidrequest.md
  - docs/sdk/models/operations/deleteinitimagebyidresponse.md
  - docs/sdk/models/operations/deleteinitimagebyidresponsebody.md
  - docs/sdk/models/operations/deletemodelbyidrequest.md
  - docs/sdk/models/operations/deletemodelbyidresponse.md
  - docs/sdk/models/operations/deletemodelbyidresponsebody.md
  - docs/sdk/models/operations/deletetexturegenerationbyidrequest.md
  - docs/sdk/models/operations/deletetexturegenerationbyidrequestbody.md
  - docs/sdk/models/operations/deletetexturegenerationbyidresponse.md
  - docs/sdk/models/operations/deletetexturegenerationbyidresponsebody.md
  - docs/sdk/models/operations/elements.md
  - docs/sdk/models/operations/generatedimages.md
  - docs/sdk/models/operations/generatedimagevariationgeneric.md
  - docs/sdk/models/operations/generatedimagevariationmotion.md
  - docs/sdk/models/operations/generationelements.md
  - docs/sdk/models/operations/generations.md
  - docs/sdk/models/operations/getcustomelementsbyuseridrequest.md
  - docs/sdk/models/operations/getcustomelementsbyuseridresponse.md
  - docs/sdk/models/operations/getcustomelementsbyuseridresponsebody.md
  - docs/sdk/models/operations/getcustomelementsbyuseriduserloras.md
  - docs/sdk/models/operations/getcustommodelsbyuseridcustommodels.md
  - docs/sdk/models/operations/getcustommodelsbyuseridrequest.md
  - docs/sdk/models/operations/getcustommodelsbyuseridresponse.md
  - docs/sdk/models/operations/getcustommodelsbyuseridresponsebody.md
  - docs/sdk/models/operations/getdatasetbyiddatasets.md
  - docs/sdk/models/operations/getdatasetbyidrequest.md
  - docs/sdk/models/operations/getdatasetbyidresponse.md
  - docs/sdk/models/operations/getdatasetbyidresponsebody.md
  - docs/sdk/models/operations/getelementbyidrequest.md
  - docs/sdk/models/operations/getelementbyidresponse.md
  - docs/sdk/models/operations/getelementbyidresponsebody.md
  - docs/sdk/models/operations/getelementbyiduserloras.md
  - docs/sdk/models/operations/getgenerationbyidgeneratedimagevariationgeneric.md
  - docs/sdk/models/operations/getgenerationbyidgenerations.md
  - docs/sdk/models/operations/getgenerationbyidloras.md
  - docs/sdk/models/operations/getgenerationbyidrequest.md
  - docs/sdk/models/operations/getgenerationbyidresponse.md
  - docs/sdk/models/operations/getgenerationbyidresponsebody.md
  - docs/sdk/models/operations/getgenerationsbyuseridgeneratedimages.md
  - docs/sdk/models/operations/getgenerationsbyuseridgeneratedimagevariationgeneric.md
  - docs/sdk/models/operations/getgenerationsbyuseridgenerationelements.md
  - docs/sdk/models/operations/getgenerationsbyuseridgenerations.md
  - docs/sdk/models/operations/getgenerationsbyuseridrequest.md
  - docs/sdk/models/operations/getgenerationsbyuseridresponse.md
  - docs/sdk/models/operations/getgenerationsbyuseridresponsebody.md
  - docs/sdk/models/operations/getinitimagebyidinitimages.md
  - docs/sdk/models/operations/getinitimagebyidrequest.md
  - docs/sdk/models/operations/getinitimagebyidresponse.md
  - docs/sdk/models/operations/getinitimagebyidresponsebody.md
  - docs/sdk/models/operations/getmodelbyidcustommodels.md
  - docs/sdk/models/operations/getmodelbyidrequest.md
  - docs/sdk/models/operations/getmodelbyidresponse.md
  - docs/sdk/models/operations/getmodelbyidresponsebody.md
  - docs/sdk/models/operations/getmotionvariationbyidrequest.md
  - docs/sdk/models/operations/getmotionvariationbyidresponse.md
  - docs/sdk/models/operations/getmotionvariationbyidresponsebody.md
  - docs/sdk/models/operations/getuserselfresponse.md
  - docs/sdk/models/operations/getuserselfresponsebody.md
  - docs/sdk/models/operations/getvariationbyidrequest.md
  - docs/sdk/models/operations/getvariationbyidresponse.md
  - docs/sdk/models/operations/getvariationbyidresponsebody.md
  - docs/sdk/models/operations/imagetype.md
  - docs/sdk/models/operations/initimages.md
  - docs/sdk/models/operations/initimageuploadoutput.md
  - docs/sdk/models/operations/lcmgenerationoutput.md
  - docs/sdk/models/operations/listelementsresponse.md
  - docs/sdk/models/operations/listelementsresponsebody.md
  - docs/sdk/models/operations/listplatformmodelscustommodels.md
  - docs/sdk/models/operations/listplatformmodelsgeneratedimages.md
  - docs/sdk/models/operations/listplatformmodelsresponse.md
  - docs/sdk/models/operations/listplatformmodelsresponsebody.md
  - docs/sdk/models/operations/loras.md
  - docs/sdk/models/operations/modelassets.md
  - docs/sdk/models/operations/modelassettexturegenerations.md
  - docs/sdk/models/operations/modelassetuploadoutput.md
  - docs/sdk/models/operations/motionsvdgenerationoutput.md
  - docs/sdk/models/operations/motionvideogenerationoutput.md
  - docs/sdk/models/operations/objectt.md
  - docs/sdk/models/operations/performalchemyupscalelcmlcmgenerationoutput.md
  - docs/sdk/models/operations/performalchemyupscalelcmrequestbody.md
  - docs/sdk/models/operations/performalchemyupscalelcmresponse.md
  - docs/sdk/models/operations/performalchemyupscalelcmresponsebody.md
  - docs/sdk/models/operations/performinpaintinglcmlcmgenerationoutput.md
  - docs/sdk/models/operations/performinpaintinglcmrequestbody.md
  - docs/sdk/models/operations/performinpaintinglcmresponse.md
  - docs/sdk/models/operations/performinpaintinglcmresponsebody.md
  - docs/sdk/models/operations/performinstantrefinelcmgenerationoutput.md
  - docs/sdk/models/operations/performinstantrefinerequestbody.md
  - docs/sdk/models/operations/performinstantrefineresponse.md
  - docs/sdk/models/operations/performinstantrefineresponsebody.md
  - docs/sdk/models/operations/pricingcalculatorobject.md
  - docs/sdk/models/operations/pricingcalculatorpricingcalculatorobject.md
  - docs/sdk/models/operations/pricingcalculatorpricingcalculatorrequestobject.md
  - docs/sdk/models/operations/pricingcalculatorpricingcalculatorrequestrequestbodyobject.md
  - docs/sdk/models/operations/pricingcalculatorpricingcalculatorrequestrequestbodyserviceparamsmotionsvdgenerationobject.md
  - docs/sdk/models/operations/pricingcalculatorpricingcalculatorrequestrequestbodyserviceparamsmotionvideogenerationobject.md
  - docs/sdk/models/operations/pricingcalculatorpricingcalculatorrequestrequestbodyserviceparamsobject.md
  - docs/sdk/models/operations/pricingcalculatorpricingcalculatorrequestrequestbodyserviceparamstexturegenerationobject.md
  - docs/sdk/models/operations/pricingcalculatorpricingcalculatorrequestrequestbodyserviceparamsuniversalupscalerobject.md
  - docs/sdk/models/operations/pricingcalculatorpricingcalculatorrequestrequestbodyserviceparamsuniversalupscalerultraobject.md
  - docs/sdk/models/operations/pricingcalculatorpricingcalculatorrequestrequestbodyserviceparamsveo3motionvideogenerationobject.md
  - docs/sdk/models/operations/pricingcalculatorrequestbody.md
  - docs/sdk/models/operations/pricingcalculatorresponse.md
  - docs/sdk/models/operations/pricingcalculatorresponsebody.md
  - docs/sdk/models/operations/pricingcalculatorstring.md
  - docs/sdk/models/operations/promptgenerationoutput.md
  - docs/sdk/models/operations/promptimproverequestbody.md
  - docs/sdk/models/operations/promptimproveresponse.md
  - docs/sdk/models/operations/promptimproveresponsebody.md
  - docs/sdk/models/operations/promptrandompromptgenerationoutput.md
  - docs/sdk/models/operations/promptrandomresponse.md
  - docs/sdk/models/operations/promptrandomresponsebody.md
  - docs/sdk/models/operations/sdgenerationoutput.md
  - docs/sdk/models/operations/sdtrainingoutput.md
  - docs/sdk/models/operations/sdunzoomoutput.md
  - docs/sdk/models/operations/sdupscalejoboutput.md
  - docs/sdk/models/operations/sdversion.md
  - docs/sdk/models/operations/sdversions.md
  - docs/sdk/models/operations/string.md
  - docs/sdk/models/operations/texturegenerationjoboutput.md
  - docs/sdk/models/operations/transparencytype.md
  - docs/sdk/models/operations/universalupscaleroutput.md
  - docs/sdk/models/operations/uploadcanvasinitimagerequestbody.md
  - docs/sdk/models/operations/uploadcanvasinitimageresponse.md
  - docs/sdk/models/operations/uploadcanvasinitimageresponsebody.md
  - docs/sdk/models/operations/uploaddatasetimagefromgenrequest.md
  - docs/sdk/models/operations/uploaddatasetimagefromgenrequestbody.md
  - docs/sdk/models/operations/uploaddatasetimagefromgenresponse.md
  - docs/sdk/models/operations/uploaddatasetimagefromgenresponsebody.md
  - docs/sdk/models/operations/uploaddatasetimagerequest.md
  - docs/sdk/models/operations/uploaddatasetimagerequestbody.md
  - docs/sdk/models/operations/uploaddatasetimageresponse.md
  - docs/sdk/models/operations/uploaddatasetimageresponsebody.md
  - docs/sdk/models/operations/uploadinitimagerequestbody.md
  - docs/sdk/models/operations/uploadinitimageresponse.md
  - docs/sdk/models/operations/uploadinitimageresponsebody.md
  - docs/sdk/models/operations/uploadmodelassetrequestbody.md
  - docs/sdk/models/operations/uploadmodelassetresponse.md
  - docs/sdk/models/operations/uploadmodelassetresponsebody.md
  - docs/sdk/models/operations/userdetails.md
  - docs/sdk/models/operations/userloras.md
  - docs/sdk/models/operations/users.md
  - docs/sdk/models/shared/canvasrequesttype.md
  - docs/sdk/models/shared/controlnetinput.md
  - docs/sdk/models/shared/controlnettype.md
  - docs/sdk/models/shared/custommodeltype.md
  - docs/sdk/models/shared/elementinput.md
  - docs/sdk/models/shared/initimagetype.md
  - docs/sdk/models/shared/jobstatus.md
  - docs/sdk/models/shared/lcmgenerationstyle.md
  - docs/sdk/models/shared/motionresolution.md
  - docs/sdk/models/shared/motionvariationtype.md
  - docs/sdk/models/shared/pricingcalculatorservices.md
  - docs/sdk/models/shared/sdgenerationschedulers.md
  - docs/sdk/models/shared/sdgenerationstyle.md
  - docs/sdk/models/shared/sdversions.md
  - docs/sdk/models/shared/security.md
  - docs/sdk/models/shared/strength.md
  - docs/sdk/models/shared/strengthtype.md
  - docs/sdk/models/shared/universalupscalerstyle.md
  - docs/sdk/models/shared/universalupscalerultrastyle.md
  - docs/sdk/models/shared/userelementsinput.md
  - docs/sdk/models/shared/variationtype.md
  - docs/sdks/dataset/README.md
  - docs/sdks/elements/README.md
  - docs/sdks/image/README.md
  - docs/sdks/initimages/README.md
  - docs/sdks/models/README.md
  - docs/sdks/motion/README.md
  - docs/sdks/pricingcalculator/README.md
  - docs/sdks/prompt/README.md
  - docs/sdks/realtimecanvas/README.md
  - docs/sdks/texture/README.md
  - docs/sdks/threedmodelassets/README.md
  - docs/sdks/user/README.md
  - docs/sdks/variation/README.md
  - eslint.config.mjs
  - examples/.env.template
  - examples/README.md
  - examples/initImagesDeleteInitImageById.example.ts
  - examples/package.json
  - jsr.json
  - package.json
  - src/core.ts
  - src/funcs/datasetCreateDataset.ts
  - src/funcs/datasetDeleteDatasetById.ts
  - src/funcs/datasetGetDatasetById.ts
  - src/funcs/datasetUploadDatasetImage.ts
  - src/funcs/datasetUploadDatasetImageFromGen.ts
  - src/funcs/elementsCreateElement.ts
  - src/funcs/elementsDeleteElementById.ts
  - src/funcs/elementsGetCustomElementsByUserId.ts
  - src/funcs/elementsGetElementById.ts
  - src/funcs/elementsListElements.ts
  - src/funcs/imageCreateGeneration.ts
  - src/funcs/imageDeleteGenerationById.ts
  - src/funcs/imageGetGenerationById.ts
  - src/funcs/imageGetGenerationsByUserId.ts
  - src/funcs/initImagesDeleteInitImageById.ts
  - src/funcs/initImagesGetInitImageById.ts
  - src/funcs/initImagesUploadCanvasInitImage.ts
  - src/funcs/initImagesUploadInitImage.ts
  - src/funcs/modelsCreateModel.ts
  - src/funcs/modelsDeleteModelById.ts
  - src/funcs/modelsGetCustomModelsByUserId.ts
  - src/funcs/modelsGetModelById.ts
  - src/funcs/modelsListPlatformModels.ts
  - src/funcs/motionCreateImageToVideoGeneration.ts
  - src/funcs/motionCreateSVDMotionGeneration.ts
  - src/funcs/motionCreateTextToVideoGeneration.ts
  - src/funcs/motionCreateVideoUpscale.ts
  - src/funcs/pricingCalculatorPricingCalculator.ts
  - src/funcs/promptPromptImprove.ts
  - src/funcs/promptPromptRandom.ts
  - src/funcs/realtimeCanvasCreateLCMGeneration.ts
  - src/funcs/realtimeCanvasPerformAlchemyUpscaleLCM.ts
  - src/funcs/realtimeCanvasPerformInpaintingLCM.ts
  - src/funcs/realtimeCanvasPerformInstantRefine.ts
  - src/funcs/textureCreateTextureGeneration.ts
  - src/funcs/textureDeleteTextureGenerationById.ts
  - src/funcs/threeDModelAssetsDelete3DModelById.ts
  - src/funcs/threeDModelAssetsUploadModelAsset.ts
  - src/funcs/userGetUserSelf.ts
  - src/funcs/variationCreateUniversalUpscalerJob.ts
  - src/funcs/variationCreateVariationNoBG.ts
  - src/funcs/variationCreateVariationUnzoom.ts
  - src/funcs/variationCreateVariationUpscale.ts
  - src/funcs/variationGetMotionVariationById.ts
  - src/funcs/variationGetVariationById.ts
  - src/hooks/hooks.ts
  - src/hooks/index.ts
  - src/hooks/types.ts
  - src/index.ts
  - src/lib/base64.ts
  - src/lib/config.ts
  - src/lib/dlv.ts
  - src/lib/encodings.ts
  - src/lib/files.ts
  - src/lib/http.ts
  - src/lib/is-plain-object.ts
  - src/lib/logger.ts
  - src/lib/matchers.ts
  - src/lib/primitives.ts
  - src/lib/retries.ts
  - src/lib/schemas.ts
  - src/lib/sdks.ts
  - src/lib/security.ts
  - src/lib/url.ts
  - src/sdk/dataset.ts
  - src/sdk/elements.ts
  - src/sdk/image.ts
  - src/sdk/index.ts
  - src/sdk/initimages.ts
  - src/sdk/models.ts
  - src/sdk/models/errors/httpclienterrors.ts
  - src/sdk/models/errors/index.ts
  - src/sdk/models/errors/leonardoerror.ts
  - src/sdk/models/errors/responsevalidationerror.ts
  - src/sdk/models/errors/sdkerror.ts
  - src/sdk/models/errors/sdkvalidationerror.ts
  - src/sdk/models/operations/createdataset.ts
  - src/sdk/models/operations/createelement.ts
  - src/sdk/models/operations/creategeneration.ts
  - src/sdk/models/operations/createimagetovideogeneration.ts
  - src/sdk/models/operations/createlcmgeneration.ts
  - src/sdk/models/operations/createmodel.ts
  - src/sdk/models/operations/createsvdmotiongeneration.ts
  - src/sdk/models/operations/createtexttovideogeneration.ts
  - src/sdk/models/operations/createtexturegeneration.ts
  - src/sdk/models/operations/createuniversalupscalerjob.ts
  - src/sdk/models/operations/createvariationnobg.ts
  - src/sdk/models/operations/createvariationunzoom.ts
  - src/sdk/models/operations/createvariationupscale.ts
  - src/sdk/models/operations/createvideoupscale.ts
  - src/sdk/models/operations/delete3dmodelbyid.ts
  - src/sdk/models/operations/deletedatasetbyid.ts
  - src/sdk/models/operations/deleteelementbyid.ts
  - src/sdk/models/operations/deletegenerationbyid.ts
  - src/sdk/models/operations/deleteinitimagebyid.ts
  - src/sdk/models/operations/deletemodelbyid.ts
  - src/sdk/models/operations/deletetexturegenerationbyid.ts
  - src/sdk/models/operations/getcustomelementsbyuserid.ts
  - src/sdk/models/operations/getcustommodelsbyuserid.ts
  - src/sdk/models/operations/getdatasetbyid.ts
  - src/sdk/models/operations/getelementbyid.ts
  - src/sdk/models/operations/getgenerationbyid.ts
  - src/sdk/models/operations/getgenerationsbyuserid.ts
  - src/sdk/models/operations/getinitimagebyid.ts
  - src/sdk/models/operations/getmodelbyid.ts
  - src/sdk/models/operations/getmotionvariationbyid.ts
  - src/sdk/models/operations/getuserself.ts
  - src/sdk/models/operations/getvariationbyid.ts
  - src/sdk/models/operations/index.ts
  - src/sdk/models/operations/listelements.ts
  - src/sdk/models/operations/listplatformmodels.ts
  - src/sdk/models/operations/performalchemyupscalelcm.ts
  - src/sdk/models/operations/performinpaintinglcm.ts
  - src/sdk/models/operations/performinstantrefine.ts
  - src/sdk/models/operations/pricingcalculator.ts
  - src/sdk/models/operations/promptimprove.ts
  - src/sdk/models/operations/promptrandom.ts
  - src/sdk/models/operations/uploadcanvasinitimage.ts
  - src/sdk/models/operations/uploaddatasetimage.ts
  - src/sdk/models/operations/uploaddatasetimagefromgen.ts
  - src/sdk/models/operations/uploadinitimage.ts
  - src/sdk/models/operations/uploadmodelasset.ts
  - src/sdk/models/shared/canvasrequesttype.ts
  - src/sdk/models/shared/controlnetinput.ts
  - src/sdk/models/shared/controlnettype.ts
  - src/sdk/models/shared/custommodeltype.ts
  - src/sdk/models/shared/elementinput.ts
  - src/sdk/models/shared/index.ts
  - src/sdk/models/shared/jobstatus.ts
  - src/sdk/models/shared/lcmgenerationstyle.ts
  - src/sdk/models/shared/motionresolution.ts
  - src/sdk/models/shared/motionvariationtype.ts
  - src/sdk/models/shared/pricingcalculatorservices.ts
  - src/sdk/models/shared/sdgenerationschedulers.ts
  - src/sdk/models/shared/sdgenerationstyle.ts
  - src/sdk/models/shared/sdversions.ts
  - src/sdk/models/shared/security.ts
  - src/sdk/models/shared/strength.ts
  - src/sdk/models/shared/universalupscalerstyle.ts
  - src/sdk/models/shared/universalupscalerultrastyle.ts
  - src/sdk/models/shared/userelementsinput.ts
  - src/sdk/models/shared/variationtype.ts
  - src/sdk/motion.ts
  - src/sdk/pricingcalculator.ts
  - src/sdk/prompt.ts
  - src/sdk/realtimecanvas.ts
  - src/sdk/sdk.ts
  - src/sdk/texture.ts
  - src/sdk/threedmodelassets.ts
  - src/sdk/types/async.ts
  - src/sdk/types/blobs.ts
  - src/sdk/types/constdatetime.ts
  - src/sdk/types/enums.ts
  - src/sdk/types/fp.ts
  - src/sdk/types/index.ts
  - src/sdk/types/operations.ts
  - src/sdk/types/rfcdate.ts
  - src/sdk/types/streams.ts
  - src/sdk/types/unrecognized.ts
  - src/sdk/user.ts
  - src/sdk/variation.ts
  - tsconfig.json
examples:
  deleteInitImageById:
    speakeasy-default-delete-init-image-by-id:
      parameters:
        path:
          id: "<id>"
      responses:
        "200":
          application/json: {}
  getInitImageById:
    speakeasy-default-get-init-image-by-id:
      parameters:
        path:
          id: "<id>"
      responses:
        "200":
          application/json: {}
  uploadCanvasInitImage:
    speakeasy-default-upload-canvas-init-image:
      requestBody:
        application/json: {"initExtension": "<value>", "maskExtension": "<value>"}
      responses:
        "200":
          application/json: {}
  uploadInitImage:
    speakeasy-default-upload-init-image:
      requestBody:
        application/json: {"extension": "gif"}
      responses:
        "200":
          application/json: {}
  createDataset:
    speakeasy-default-create-dataset:
      requestBody:
        application/json: {"name": "<value>"}
      responses:
        "200":
          application/json: {}
  deleteDatasetById:
    speakeasy-default-delete-dataset-by-id:
      parameters:
        path:
          id: "<id>"
      responses:
        "200":
          application/json: {}
  getDatasetById:
    speakeasy-default-get-dataset-by-id:
      parameters:
        path:
          id: "<id>"
      responses:
        "200":
          application/json: {}
  uploadDatasetImage:
    speakeasy-default-upload-dataset-image:
      parameters:
        path:
          datasetId: "<id>"
      requestBody:
        application/json: {"extension": "shtml"}
      responses:
        "200":
          application/json: {}
  uploadDatasetImageFromGen:
    speakeasy-default-upload-dataset-image-from-gen:
      parameters:
        path:
          datasetId: "<id>"
      requestBody:
        application/json: {"generatedImageId": "<id>"}
      responses:
        "200":
          application/json: {}
  createElement:
    speakeasy-default-create-element:
      requestBody:
        application/json: {"datasetId": "", "description": "", "instance_prompt": "", "learning_rate": 3344.47, "lora_focus": "<value>", "name": "placeholder", "num_train_epochs": 543724, "resolution": 1024, "sd_version": "FLUX_DEV", "train_text_encoder": true}
      responses:
        "200":
          application/json: {}
  deleteElementById:
    speakeasy-default-delete-element-by-id:
      parameters:
        path:
          id: 709546
      responses:
        "200":
          application/json: {}
  getCustomElementsByUserId:
    speakeasy-default-get-custom-elements-by-user-id:
      parameters:
        path:
          userId: "<id>"
      responses:
        "200":
          application/json: {}
  getElementById:
    speakeasy-default-get-element-by-id:
      parameters:
        path:
          id: 320312
      responses:
        "200":
          application/json: {}
  listElements:
    speakeasy-default-list-elements:
      responses:
        "200":
          application/json: {}
  createGeneration:
    speakeasy-default-create-generation:
      requestBody:
        application/json: {"alchemy": true, "contrast": 3.5, "height": 768, "modelId": "b24e16ff-06e3-43eb-8d33-4416c2d75876", "num_images": 4, "presetStyle": "DYNAMIC", "prompt": "A majestic cat in the snow", "width": 1024}
      responses:
        "200":
          application/json: {}
  deleteGenerationById:
    speakeasy-default-delete-generation-by-id:
      parameters:
        path:
          id: "<id>"
      responses:
        "200":
          application/json: {}
  getGenerationById:
    speakeasy-default-get-generation-by-id:
      parameters:
        path:
          id: "<id>"
      responses:
        "200":
          application/json: {}
  getGenerationsByUserId:
    speakeasy-default-get-generations-by-user-id:
      parameters:
        path:
          userId: "<id>"
        query:
          offset: 0
          limit: 10
      responses:
        "200":
          application/json: {}
  createImageToVideoGeneration:
    speakeasy-default-create-image-to-video-generation:
      responses:
        "200":
          application/json: {}
  createSVDMotionGeneration:
    speakeasy-default-create-SVD-motion-generation:
      responses:
        "200":
          application/json: {}
  createTextToVideoGeneration:
    speakeasy-default-create-text-to-video-generation:
      responses:
        "200":
          application/json: {}
  createVideoUpscale:
    speakeasy-default-create-video-upscale:
      responses:
        "200":
          application/json: {}
  createLCMGeneration:
    speakeasy-default-create-LCM-generation:
      responses:
        "200":
          application/json: {}
  performAlchemyUpscaleLCM:
    speakeasy-default-perform-alchemy-upscale-LCM:
      responses:
        "200":
          application/json: {}
  performInpaintingLCM:
    speakeasy-default-perform-inpainting-LCM:
      responses:
        "200":
          application/json: {}
  performInstantRefine:
    speakeasy-default-perform-instant-refine:
      responses:
        "200":
          application/json: {}
  createTextureGeneration:
    speakeasy-default-create-texture-generation:
      responses:
        "200":
          application/json: {}
  deleteTextureGenerationById:
    speakeasy-default-delete-texture-generation-by-id:
      parameters:
        path:
          id: "<id>"
      responses:
        "200":
          application/json: {}
  getUserSelf:
    speakeasy-default-get-user-self:
      responses:
        "200":
          application/json: {}
  createModel:
    speakeasy-default-create-model:
      requestBody:
        application/json: {"datasetId": "<id>", "description": "", "instance_prompt": "<value>", "modelType": "GENERAL", "name": "<value>", "nsfw": false, "resolution": 512, "strength": "MEDIUM"}
      responses:
        "200":
          application/json: {}
  deleteModelById:
    speakeasy-default-delete-model-by-id:
      parameters:
        path:
          id: "<id>"
      responses:
        "200":
          application/json: {}
  getCustomModelsByUserId:
    speakeasy-default-get-custom-models-by-user-id:
      parameters:
        path:
          userId: "<id>"
      responses:
        "200":
          application/json: {}
  getModelById:
    speakeasy-default-get-model-by-id:
      parameters:
        path:
          id: "<id>"
      responses:
        "200":
          application/json: {}
  listPlatformModels:
    speakeasy-default-list-platform-models:
      responses:
        "200":
          application/json: {}
  delete3DModelById:
    speakeasy-default-delete3-D-model-by-id:
      parameters:
        path:
          id: "<id>"
      responses:
        "200":
          application/json: {}
  uploadModelAsset:
    speakeasy-default-upload-model-asset:
      responses:
        "200":
          application/json: {}
  CreateUniversalUpscalerJob:
    speakeasy-default-create-universal-upscaler-job:
      requestBody:
        application/json: {"creativityStrength": 5, "upscaleMultiplier": 1.5, "upscalerStyle": "GENERAL"}
      responses:
        "200":
          application/json: {}
  createVariationNoBG:
    speakeasy-default-create-variation-no-BG:
      requestBody:
        application/json: {"id": "<id>"}
      responses:
        "200":
          application/json: {}
  createVariationUnzoom:
    speakeasy-default-create-variation-unzoom:
      responses:
        "200":
          application/json: {}
  createVariationUpscale:
    speakeasy-default-create-variation-upscale:
      responses:
        "200":
          application/json: {}
  getMotionVariationById:
    speakeasy-default-get-motion-variation-by-id:
      parameters:
        path:
          id: "<id>"
      responses:
        "200":
          application/json: {}
  getVariationById:
    speakeasy-default-get-variation-by-id:
      parameters:
        path:
          id: "<id>"
      responses:
        "200":
          application/json: {}
  pricingCalculator:
    speakeasy-default-pricing-calculator:
      responses:
        "200":
          application/json: {}
  promptImprove:
    speakeasy-default-prompt-improve:
      requestBody:
        application/json: {"isVideo": true, "prompt": "<value>"}
      responses:
        "200":
          application/json: {}
  promptRandom:
    speakeasy-default-prompt-random:
      responses:
        "200":
          application/json: {}
examplesVersion: 1.0.2
generatedTests: {}
releaseNotes: "## Typescript SDK Changes Detected:\n* `leonardo.elements.createElement()`:  `request` **Changed** **Breaking** :warning:\n* `leonardo.image.createGeneration()`:  `request` **Changed** **Breaking** :warning:\n* `leonardo.pricingCalculator.pricingCalculator()`: \n  *  `request.serviceParams` **Changed** **Breaking** :warning:\n* `leonardo.motion.createImageToVideoGeneration()`: **Added**\n* `leonardo.motion.createTextToVideoGeneration()`: **Added**\n* `leonardo.motion.createVideoUpscale()`: **Added**\n* `leonardo.variation.getMotionVariationById()`: **Added**\n* `leonardo.prompt.promptImprove()`: \n  *  `request.isVideo` **Added**\n"
