lockVersion: 2.0.0
id: edadaac9-e645-4ef4-a6c7-a1f73bc19385
management:
  docChecksum: cdcc022e9c8f497fdb1b5a8f0a516c6c
  docVersion: v1.0.0
  speakeasyVersion: 1.210.1
  generationVersion: 2.283.0
  releaseVersion: 4.4.4
  configChecksum: e054122304ed83dd05096bee25002501
  repoURL: https://github.com/Leonardo-Interactive/leonardo-ts-sdk.git
  repoSubDirectory: .
  installationURL: https://github.com/Leonardo-Interactive/leonardo-ts-sdk
  published: true
features:
  typescript:
    constsAndDefaults: 0.1.5
    core: 3.6.3
    devContainers: 2.90.0
    flattening: 2.81.1
    globalSecurity: 2.82.8
    globalServerURLs: 2.82.4
    responseFormat: 0.2.2
generatedFiles:
  - src/sdk/dataset.ts
  - src/sdk/element.ts
  - src/sdk/generation.ts
  - src/sdk/initimage.ts
  - src/sdk/user.ts
  - src/sdk/model.ts
  - src/sdk/variation.ts
  - src/sdk/sdk.ts
  - .eslintrc.js
  - .npmignore
  - RUNTIMES.md
  - package.json
  - src/index.ts
  - src/lib/base64.ts
  - src/lib/config.ts
  - src/lib/encodings.ts
  - src/lib/http.ts
  - src/lib/retries.ts
  - src/lib/schemas.ts
  - src/lib/sdks.ts
  - src/lib/security.ts
  - src/lib/url.ts
  - src/sdk/index.ts
  - src/sdk/models/errors/sdkerror.ts
  - src/sdk/models/errors/sdkvalidationerror.ts
  - src/sdk/types/blobs.ts
  - src/sdk/types/index.ts
  - src/sdk/types/operations.ts
  - src/sdk/types/rfcdate.ts
  - tsconfig.json
  - src/sdk/models/operations/createdataset.ts
  - src/sdk/models/operations/deletedatasetbyid.ts
  - src/sdk/models/operations/getdatasetbyid.ts
  - src/sdk/models/operations/uploaddatasetimage.ts
  - src/sdk/models/operations/uploaddatasetimagefromgen.ts
  - src/sdk/models/operations/getelements.ts
  - src/sdk/models/operations/creategeneration.ts
  - src/sdk/models/operations/deletegenerationbyid.ts
  - src/sdk/models/operations/deletegenerationstextureid.ts
  - src/sdk/models/operations/getgenerationbyid.ts
  - src/sdk/models/operations/getgenerationsbyuserid.ts
  - src/sdk/models/operations/postgenerationslcm.ts
  - src/sdk/models/operations/postgenerationsmotionsvd.ts
  - src/sdk/models/operations/postgenerationstexture.ts
  - src/sdk/models/operations/postlcminpainting.ts
  - src/sdk/models/operations/postlcminstantrefine.ts
  - src/sdk/models/operations/postlcmupscale.ts
  - src/sdk/models/operations/deleteinitimagebyid.ts
  - src/sdk/models/operations/getinitimagebyid.ts
  - src/sdk/models/operations/uploadinitimage.ts
  - src/sdk/models/operations/getuserself.ts
  - src/sdk/models/operations/createmodel.ts
  - src/sdk/models/operations/deletemodelbyid.ts
  - src/sdk/models/operations/deletemodels3did.ts
  - src/sdk/models/operations/getmodelbyid.ts
  - src/sdk/models/operations/getplatformmodels.ts
  - src/sdk/models/operations/postmodels3dupload.ts
  - src/sdk/models/operations/createvariationnobg.ts
  - src/sdk/models/operations/createvariationupscale.ts
  - src/sdk/models/operations/getvariationbyid.ts
  - src/sdk/models/operations/postvariationsunzoom.ts
  - src/sdk/models/shared/sdversions.ts
  - src/sdk/models/shared/sdgenerationschedulers.ts
  - src/sdk/models/shared/sdgenerationstyle.ts
  - src/sdk/models/shared/elementinput.ts
  - src/sdk/models/shared/controlnettype.ts
  - src/sdk/models/shared/jobstatus.ts
  - src/sdk/models/shared/variationtype.ts
  - src/sdk/models/shared/lcmgenerationstyle.ts
  - src/sdk/models/shared/strength.ts
  - src/sdk/models/shared/custommodeltype.ts
  - src/sdk/models/shared/security.ts
  - src/sdk/models/errors/index.ts
  - src/sdk/models/operations/index.ts
  - src/sdk/models/shared/index.ts
  - docs/sdk/models/operations/createdatasetrequestbody.md
  - docs/sdk/models/operations/datasets.md
  - docs/sdk/models/operations/createdatasetresponsebody.md
  - docs/sdk/models/operations/createdatasetresponse.md
  - docs/sdk/models/operations/deletedatasetbyidrequest.md
  - docs/sdk/models/operations/deletedatasetbyiddatasets.md
  - docs/sdk/models/operations/deletedatasetbyidresponsebody.md
  - docs/sdk/models/operations/deletedatasetbyidresponse.md
  - docs/sdk/models/operations/getdatasetbyidrequest.md
  - docs/sdk/models/operations/datasetimages.md
  - docs/sdk/models/operations/getdatasetbyiddatasets.md
  - docs/sdk/models/operations/getdatasetbyidresponsebody.md
  - docs/sdk/models/operations/getdatasetbyidresponse.md
  - docs/sdk/models/operations/uploaddatasetimagerequestbody.md
  - docs/sdk/models/operations/uploaddatasetimagerequest.md
  - docs/sdk/models/operations/datasetuploadoutput.md
  - docs/sdk/models/operations/uploaddatasetimageresponsebody.md
  - docs/sdk/models/operations/uploaddatasetimageresponse.md
  - docs/sdk/models/operations/uploaddatasetimagefromgenrequestbody.md
  - docs/sdk/models/operations/uploaddatasetimagefromgenrequest.md
  - docs/sdk/models/operations/datasetgenuploadoutput.md
  - docs/sdk/models/operations/uploaddatasetimagefromgenresponsebody.md
  - docs/sdk/models/operations/uploaddatasetimagefromgenresponse.md
  - docs/sdk/models/operations/loras.md
  - docs/sdk/models/operations/getelementsresponsebody.md
  - docs/sdk/models/operations/getelementsresponse.md
  - docs/sdk/models/operations/creategenerationrequestbody.md
  - docs/sdk/models/operations/sdgenerationoutput.md
  - docs/sdk/models/operations/creategenerationresponsebody.md
  - docs/sdk/models/operations/creategenerationresponse.md
  - docs/sdk/models/operations/deletegenerationbyidrequest.md
  - docs/sdk/models/operations/generations.md
  - docs/sdk/models/operations/deletegenerationbyidresponsebody.md
  - docs/sdk/models/operations/deletegenerationbyidresponse.md
  - docs/sdk/models/operations/deletegenerationstextureidrequestbody.md
  - docs/sdk/models/operations/deletegenerationstextureidrequest.md
  - docs/sdk/models/operations/modelassettexturegenerations.md
  - docs/sdk/models/operations/deletegenerationstextureidresponsebody.md
  - docs/sdk/models/operations/deletegenerationstextureidresponse.md
  - docs/sdk/models/operations/getgenerationbyidrequest.md
  - docs/sdk/models/operations/getgenerationbyidgeneratedimagevariationgeneric.md
  - docs/sdk/models/operations/generatedimages.md
  - docs/sdk/models/operations/getgenerationbyidloras.md
  - docs/sdk/models/operations/generationelements.md
  - docs/sdk/models/operations/getgenerationbyidgenerations.md
  - docs/sdk/models/operations/getgenerationbyidresponsebody.md
  - docs/sdk/models/operations/getgenerationbyidresponse.md
  - docs/sdk/models/operations/getgenerationsbyuseridrequest.md
  - docs/sdk/models/operations/getgenerationsbyuseridgeneratedimagevariationgeneric.md
  - docs/sdk/models/operations/getgenerationsbyuseridgeneratedimages.md
  - docs/sdk/models/operations/elements.md
  - docs/sdk/models/operations/getgenerationsbyuseridgenerationelements.md
  - docs/sdk/models/operations/getgenerationsbyuseridgenerations.md
  - docs/sdk/models/operations/getgenerationsbyuseridresponsebody.md
  - docs/sdk/models/operations/getgenerationsbyuseridresponse.md
  - docs/sdk/models/operations/postgenerationslcmrequestbody.md
  - docs/sdk/models/operations/lcmgenerationoutput.md
  - docs/sdk/models/operations/postgenerationslcmresponsebody.md
  - docs/sdk/models/operations/postgenerationslcmresponse.md
  - docs/sdk/models/operations/postgenerationsmotionsvdrequestbody.md
  - docs/sdk/models/operations/motionsvdgenerationoutput.md
  - docs/sdk/models/operations/postgenerationsmotionsvdresponsebody.md
  - docs/sdk/models/operations/postgenerationsmotionsvdresponse.md
  - docs/sdk/models/operations/postgenerationstexturerequestbody.md
  - docs/sdk/models/operations/texturegenerationjoboutput.md
  - docs/sdk/models/operations/postgenerationstextureresponsebody.md
  - docs/sdk/models/operations/postgenerationstextureresponse.md
  - docs/sdk/models/operations/postlcminpaintingrequestbody.md
  - docs/sdk/models/operations/postlcminpaintinglcmgenerationoutput.md
  - docs/sdk/models/operations/postlcminpaintingresponsebody.md
  - docs/sdk/models/operations/postlcminpaintingresponse.md
  - docs/sdk/models/operations/postlcminstantrefinerequestbody.md
  - docs/sdk/models/operations/postlcminstantrefinelcmgenerationoutput.md
  - docs/sdk/models/operations/postlcminstantrefineresponsebody.md
  - docs/sdk/models/operations/postlcminstantrefineresponse.md
  - docs/sdk/models/operations/postlcmupscalerequestbody.md
  - docs/sdk/models/operations/postlcmupscalelcmgenerationoutput.md
  - docs/sdk/models/operations/postlcmupscaleresponsebody.md
  - docs/sdk/models/operations/postlcmupscaleresponse.md
  - docs/sdk/models/operations/deleteinitimagebyidrequest.md
  - docs/sdk/models/operations/initimages.md
  - docs/sdk/models/operations/deleteinitimagebyidresponsebody.md
  - docs/sdk/models/operations/deleteinitimagebyidresponse.md
  - docs/sdk/models/operations/getinitimagebyidrequest.md
  - docs/sdk/models/operations/getinitimagebyidinitimages.md
  - docs/sdk/models/operations/getinitimagebyidresponsebody.md
  - docs/sdk/models/operations/getinitimagebyidresponse.md
  - docs/sdk/models/operations/uploadinitimagerequestbody.md
  - docs/sdk/models/operations/initimageuploadoutput.md
  - docs/sdk/models/operations/uploadinitimageresponsebody.md
  - docs/sdk/models/operations/uploadinitimageresponse.md
  - docs/sdk/models/operations/users.md
  - docs/sdk/models/operations/userdetails.md
  - docs/sdk/models/operations/getuserselfresponsebody.md
  - docs/sdk/models/operations/getuserselfresponse.md
  - docs/sdk/models/operations/createmodelrequestbody.md
  - docs/sdk/models/operations/sdtrainingoutput.md
  - docs/sdk/models/operations/createmodelresponsebody.md
  - docs/sdk/models/operations/createmodelresponse.md
  - docs/sdk/models/operations/deletemodelbyidrequest.md
  - docs/sdk/models/operations/custommodels.md
  - docs/sdk/models/operations/deletemodelbyidresponsebody.md
  - docs/sdk/models/operations/deletemodelbyidresponse.md
  - docs/sdk/models/operations/deletemodels3didrequestbody.md
  - docs/sdk/models/operations/deletemodels3didrequest.md
  - docs/sdk/models/operations/modelassets.md
  - docs/sdk/models/operations/deletemodels3didresponsebody.md
  - docs/sdk/models/operations/deletemodels3didresponse.md
  - docs/sdk/models/operations/getmodelbyidrequest.md
  - docs/sdk/models/operations/getmodelbyidcustommodels.md
  - docs/sdk/models/operations/getmodelbyidresponsebody.md
  - docs/sdk/models/operations/getmodelbyidresponse.md
  - docs/sdk/models/operations/getplatformmodelsgeneratedimages.md
  - docs/sdk/models/operations/getplatformmodelscustommodels.md
  - docs/sdk/models/operations/getplatformmodelsresponsebody.md
  - docs/sdk/models/operations/getplatformmodelsresponse.md
  - docs/sdk/models/operations/postmodels3duploadrequestbody.md
  - docs/sdk/models/operations/modelassetuploadoutput.md
  - docs/sdk/models/operations/postmodels3duploadresponsebody.md
  - docs/sdk/models/operations/postmodels3duploadresponse.md
  - docs/sdk/models/operations/createvariationnobgrequestbody.md
  - docs/sdk/models/operations/sdupscalejoboutput.md
  - docs/sdk/models/operations/createvariationnobgresponsebody.md
  - docs/sdk/models/operations/createvariationnobgresponse.md
  - docs/sdk/models/operations/createvariationupscalerequestbody.md
  - docs/sdk/models/operations/createvariationupscalesdupscalejoboutput.md
  - docs/sdk/models/operations/createvariationupscaleresponsebody.md
  - docs/sdk/models/operations/createvariationupscaleresponse.md
  - docs/sdk/models/operations/getvariationbyidrequest.md
  - docs/sdk/models/operations/generatedimagevariationgeneric.md
  - docs/sdk/models/operations/getvariationbyidresponsebody.md
  - docs/sdk/models/operations/getvariationbyidresponse.md
  - docs/sdk/models/operations/postvariationsunzoomrequestbody.md
  - docs/sdk/models/operations/sdunzoomoutput.md
  - docs/sdk/models/operations/postvariationsunzoomresponsebody.md
  - docs/sdk/models/operations/postvariationsunzoomresponse.md
  - docs/sdk/models/shared/sdversions.md
  - docs/sdk/models/shared/sdgenerationschedulers.md
  - docs/sdk/models/shared/sdgenerationstyle.md
  - docs/sdk/models/shared/elementinput.md
  - docs/sdk/models/shared/controlnettype.md
  - docs/sdk/models/shared/jobstatus.md
  - docs/sdk/models/shared/variationtype.md
  - docs/sdk/models/shared/lcmgenerationstyle.md
  - docs/sdk/models/shared/strength.md
  - docs/sdk/models/shared/custommodeltype.md
  - docs/sdk/models/shared/security.md
  - docs/sdks/leonardo/README.md
  - docs/sdks/dataset/README.md
  - docs/sdks/element/README.md
  - docs/sdks/generation/README.md
  - docs/sdks/initimage/README.md
  - docs/sdks/user/README.md
  - docs/sdks/model/README.md
  - docs/sdks/variation/README.md
  - USAGE.md
  - .gitattributes
  - .devcontainer/README.md
  - .devcontainer/devcontainer.json
  - .devcontainer/setup.sh
  - src/hooks/hooks.ts
  - src/hooks/types.ts
  - src/hooks/index.ts
