speakeasyVersion: 1.326.0
sources:
    my-source:
        sourceNamespace: my-source
        sourceRevisionDigest: sha256:4541a422d3bb6285b080b971003f27440c8b8ee341222a6e32ef7eee12252371
        sourceBlobDigest: sha256:c10740c409962459c0e79eab8509b6e281132edb4b11d3b241a29e0b83f4d3e8
        tags:
            - latest
            - main
targets:
    leonardo-ts-sdk:
        source: my-source
        sourceNamespace: my-source
        sourceRevisionDigest: sha256:4541a422d3bb6285b080b971003f27440c8b8ee341222a6e32ef7eee12252371
        sourceBlobDigest: sha256:c10740c409962459c0e79eab8509b6e281132edb4b11d3b241a29e0b83f4d3e8
        outLocation: ./
workflow:
    workflowVersion: 1.0.0
    speakeasyVersion: latest
    sources:
        my-source:
            inputs:
                - location: https://api-docs-nine-delta.vercel.app/cloud/openapi.json
            registry:
                location: registry.speakeasyapi.dev/leonardo-ai/leonardo-ai/my-source
    targets:
        leonardo-ts-sdk:
            target: typescript
            source: my-source
            output: ./
            publish:
                npm:
                    token: $NPM_TOKEN
