speakeasyVersion: 1.455.3
sources:
    my-source:
        sourceNamespace: my-source
        sourceRevisionDigest: sha256:f934cc3bf8452768e37e5ab15b4fb8b2f74a72bc6806141c7999514ff3c9cae0
        sourceBlobDigest: sha256:0490e0a6c2d2eea9cadf67e79f0da91194c9aefbf66cc6ebd5af2f160cd7cd31
        tags:
            - latest
            - speakeasy-sdk-regen-1734312569
            - v1.0.0
targets:
    leonardo-ts-sdk:
        source: my-source
        sourceNamespace: my-source
        sourceRevisionDigest: sha256:f934cc3bf8452768e37e5ab15b4fb8b2f74a72bc6806141c7999514ff3c9cae0
        sourceBlobDigest: sha256:0490e0a6c2d2eea9cadf67e79f0da91194c9aefbf66cc6ebd5af2f160cd7cd31
        codeSamplesNamespace: my-source-typescript-code-samples
        codeSamplesRevisionDigest: sha256:509bede085de4d3ad952e13ddd3e7eea14a34c94da82de125982501fad9d70d7
workflow:
    workflowVersion: 1.0.0
    speakeasyVersion: latest
    sources:
        my-source:
            inputs:
                - location: https://api-docs-nine-delta.vercel.app/cloud/openapi.json
            registry:
                location: registry.speakeasyapi.dev/leonardo-ai/leonardo-ai/my-source
    targets:
        leonardo-ts-sdk:
            target: typescript
            source: my-source
            output: ./
            publish:
                npm:
                    token: $NPM_TOKEN
            codeSamples:
                registry:
                    location: registry.speakeasyapi.dev/leonardo-ai/leonardo-ai/my-source-typescript-code-samples
                blocking: false
