speakeasyVersion: 1.606.3
sources:
    my-source:
        sourceNamespace: my-source
        sourceRevisionDigest: sha256:72815202f6a41a736e0ff9b18c968ded994ad23b6d705dce0db50c09e25db5fe
        sourceBlobDigest: sha256:96627c024d7240beac4551076cb03bfae4b7c2aac22e6fa9f30ee0bd8e57f908
        tags:
            - latest
            - speakeasy-sdk-regen-1753835880
            - v1.0.0
targets:
    leonardo-ts-sdk:
        source: my-source
        sourceNamespace: my-source
        sourceRevisionDigest: sha256:72815202f6a41a736e0ff9b18c968ded994ad23b6d705dce0db50c09e25db5fe
        sourceBlobDigest: sha256:96627c024d7240beac4551076cb03bfae4b7c2aac22e6fa9f30ee0bd8e57f908
        codeSamplesNamespace: my-source-typescript-code-samples
        codeSamplesRevisionDigest: sha256:b420573053c1e301713efb37b60c7c1cdeabdfbd7941b805364968dd093f178f
workflow:
    workflowVersion: 1.0.0
    speakeasyVersion: latest
    sources:
        my-source:
            inputs:
                - location: https://api-docs-nine-delta.vercel.app/cloud/openapi.json
            registry:
                location: registry.speakeasyapi.dev/leonardo-ai/leonardo-ai/my-source
    targets:
        leonardo-ts-sdk:
            target: typescript
            source: my-source
            output: ./
            publish:
                npm:
                    token: $npm_token
            codeSamples:
                registry:
                    location: registry.speakeasyapi.dev/leonardo-ai/leonardo-ai/my-source-typescript-code-samples
